
Microsoft Visual Studio Solution File, Format Version 12.00
# Visual Studio Version 16
VisualStudioVersion = 16.0.29509.3
MinimumVisualStudioVersion = 10.0.40219.1
Project("{FAE04EC0-301F-11D3-BF4B-00C04F79EFBC}") = "toupiao", "toupiao.csproj", "{96E1DF8C-8A6D-42C4-A58B-33CBD995A20D}"
EndProject
Global
	GlobalSection(SolutionConfigurationPlatforms) = preSolution
		Debug|Any CPU = Debug|Any CPU
		Release|Any CPU = Release|Any CPU
	EndGlobalSection
	GlobalSection(ProjectConfigurationPlatforms) = postSolution
		{96E1DF8C-8A6D-42C4-A58B-33CBD995A20D}.Debug|Any CPU.ActiveCfg = Debug|Any CPU
		{96E1DF8C-8A6D-42C4-A58B-33CBD995A20D}.Debug|Any CPU.Build.0 = Debug|Any CPU
		{96E1DF8C-8A6D-42C4-A58B-33CBD995A20D}.Release|Any CPU.ActiveCfg = Release|Any CPU
		{96E1DF8C-8A6D-42C4-A58B-33CBD995A20D}.Release|Any CPU.Build.0 = Release|Any CPU
	EndGlobalSection
	GlobalSection(SolutionProperties) = preSolution
		HideSolutionNode = FALSE
	EndGlobalSection
	GlobalSection(ExtensibilityGlobals) = postSolution
		SolutionGuid = {EEF7D7DB-3F89-4BD3-8389-E755CE5EC6C2}
	EndGlobalSection
EndGlobal
